
Microsoft Visual Studio Solution File, Format Version 12.00
# Visual Studio 2013
VisualStudioVersion = 12.0.31101.0
MinimumVisualStudioVersion = 10.0.40219.1
Project("{FAE04EC0-301F-11D3-BF4B-00C04F79EFBC}") = "Battleships", "Battleships\Battleships.csproj", "{BC992DA6-1683-4511-9BA1-CD833872D9F1}"
EndProject
Project("{FAE04EC0-301F-11D3-BF4B-00C04F79EFBC}") = "Battleships.Services", "Battleships.Services\Battleships.Services.csproj", "{ADF634B8-D685-45B6-A3A5-47FBE210E723}"
EndProject
Project("{FAE04EC0-301F-11D3-BF4B-00C04F79EFBC}") = "Battleships.Models", "Battleships.Models\Battleships.Models.csproj", "{4215E8A4-D274-47D2-98B2-C22667CADFFB}"
EndProject
Project("{FAE04EC0-301F-11D3-BF4B-00C04F79EFBC}") = "Battleships.Tests", "Battleships.Tests\Battleships.Tests.csproj", "{3E06929E-4384-42A5-ACBC-696E74E825BB}"
EndProject
Global
	GlobalSection(SolutionConfigurationPlatforms) = preSolution
		Debug|Any CPU = Debug|Any CPU
		Release|Any CPU = Release|Any CPU
	EndGlobalSection
	GlobalSection(ProjectConfigurationPlatforms) = postSolution
		{BC992DA6-1683-4511-9BA1-CD833872D9F1}.Debug|Any CPU.ActiveCfg = Debug|Any CPU
		{BC992DA6-1683-4511-9BA1-CD833872D9F1}.Debug|Any CPU.Build.0 = Debug|Any CPU
		{BC992DA6-1683-4511-9BA1-CD833872D9F1}.Release|Any CPU.ActiveCfg = Release|Any CPU
		{BC992DA6-1683-4511-9BA1-CD833872D9F1}.Release|Any CPU.Build.0 = Release|Any CPU
		{ADF634B8-D685-45B6-A3A5-47FBE210E723}.Debug|Any CPU.ActiveCfg = Debug|Any CPU
		{ADF634B8-D685-45B6-A3A5-47FBE210E723}.Debug|Any CPU.Build.0 = Debug|Any CPU
		{ADF634B8-D685-45B6-A3A5-47FBE210E723}.Release|Any CPU.ActiveCfg = Release|Any CPU
		{ADF634B8-D685-45B6-A3A5-47FBE210E723}.Release|Any CPU.Build.0 = Release|Any CPU
		{4215E8A4-D274-47D2-98B2-C22667CADFFB}.Debug|Any CPU.ActiveCfg = Debug|Any CPU
		{4215E8A4-D274-47D2-98B2-C22667CADFFB}.Debug|Any CPU.Build.0 = Debug|Any CPU
		{4215E8A4-D274-47D2-98B2-C22667CADFFB}.Release|Any CPU.ActiveCfg = Release|Any CPU
		{4215E8A4-D274-47D2-98B2-C22667CADFFB}.Release|Any CPU.Build.0 = Release|Any CPU
		{3E06929E-4384-42A5-ACBC-696E74E825BB}.Debug|Any CPU.ActiveCfg = Debug|Any CPU
		{3E06929E-4384-42A5-ACBC-696E74E825BB}.Debug|Any CPU.Build.0 = Debug|Any CPU
		{3E06929E-4384-42A5-ACBC-696E74E825BB}.Release|Any CPU.ActiveCfg = Release|Any CPU
		{3E06929E-4384-42A5-ACBC-696E74E825BB}.Release|Any CPU.Build.0 = Release|Any CPU
	EndGlobalSection
	GlobalSection(SolutionProperties) = preSolution
		HideSolutionNode = FALSE
	EndGlobalSection
EndGlobal
